// !$*UTF8*$!
{
	archiveVersion = 1;
	classes = {
	};
	objectVersion = 51;
	objects = {

/* Begin PBXBuildFile section */
		77E630A23A862A8DB47EABDB /* Pods_RxSwift_Playground.framework in Frameworks */ = {isa = PBXBuildFile; fileRef = 2FE866D89B45C0D0BA875145 /* Pods_RxSwift_Playground.framework */; };
		EA6F767A2521F7050006D14C /* AppDelegate.swift in Sources */ = {isa = PBXBuildFile; fileRef = EA6F76792521F7050006D14C /* AppDelegate.swift */; };
		EA6F767C2521F7050006D14C /* SceneDelegate.swift in Sources */ = {isa = PBXBuildFile; fileRef = EA6F767B2521F7050006D14C /* SceneDelegate.swift */; };
		EA6F767E2521F7050006D14C /* ViewController.swift in Sources */ = {isa = PBXBuildFile; fileRef = EA6F767D2521F7050006D14C /* ViewController.swift */; };
		EA6F76812521F7050006D14C /* Main.storyboard in Resources */ = {isa = PBXBuildFile; fileRef = EA6F767F2521F7050006D14C /* Main.storyboard */; };
		EA6F76832521F7070006D14C /* Assets.xcassets in Resources */ = {isa = PBXBuildFile; fileRef = EA6F76822521F7070006D14C /* Assets.xcassets */; };
		EA6F76862521F7070006D14C /* LaunchScreen.storyboard in Resources */ = {isa = PBXBuildFile; fileRef = EA6F76842521F7070006D14C /* LaunchScreen.storyboard */; };
/* End PBXBuildFile section */

/* Begin PBXFileReference section */
		2FE866D89B45C0D0BA875145 /* Pods_RxSwift_Playground.framework */ = {isa = PBXFileReference; explicitFileType = wrapper.framework; includeInIndex = 0; path = Pods_RxSwift_Playground.framework; sourceTree = BUILT_PRODUCTS_DIR; };
		67AF891C2E28C415C114CADA /* Pods-RxSwift-Playground.release.xcconfig */ = {isa = PBXFileReference; includeInIndex = 1; lastKnownFileType = text.xcconfig; name = "Pods-RxSwift-Playground.release.xcconfig"; path = "Target Support Files/Pods-RxSwift-Playground/Pods-RxSwift-Playground.release.xcconfig"; sourceTree = "<group>"; };
		AFBA1F5C0600603831F980FB /* Pods-RxSwift-Playground.debug.xcconfig */ = {isa = PBXFileReference; includeInIndex = 1; lastKnownFileType = text.xcconfig; name = "Pods-RxSwift-Playground.debug.xcconfig"; path = "Target Support Files/Pods-RxSwift-Playground/Pods-RxSwift-Playground.debug.xcconfig"; sourceTree = "<group>"; };
		EA6F76762521F7050006D14C /* RxSwift-Playground.app */ = {isa = PBXFileReference; explicitFileType = wrapper.application; includeInIndex = 0; path = "RxSwift-Playground.app"; sourceTree = BUILT_PRODUCTS_DIR; };
		EA6F76792521F7050006D14C /* AppDelegate.swift */ = {isa = PBXFileReference; lastKnownFileType = sourcecode.swift; path = AppDelegate.swift; sourceTree = "<group>"; };
		EA6F767B2521F7050006D14C /* SceneDelegate.swift */ = {isa = PBXFileReference; lastKnownFileType = sourcecode.swift; path = SceneDelegate.swift; sourceTree = "<group>"; };
		EA6F767D2521F7050006D14C /* ViewController.swift */ = {isa = PBXFileReference; lastKnownFileType = sourcecode.swift; path = ViewController.swift; sourceTree = "<group>"; };
		EA6F76802521F7050006D14C /* Base */ = {isa = PBXFileReference; lastKnownFileType = file.storyboard; name = Base; path = Base.lproj/Main.storyboard; sourceTree = "<group>"; };
		EA6F76822521F7070006D14C /* Assets.xcassets */ = {isa = PBXFileReference; lastKnownFileType = folder.assetcatalog; path = Assets.xcassets; sourceTree = "<group>"; };
		EA6F76852521F7070006D14C /* Base */ = {isa = PBXFileReference; lastKnownFileType = file.storyboard; name = Base; path = Base.lproj/LaunchScreen.storyboard; sourceTree = "<group>"; };
		EA6F76872521F7070006D14C /* Info.plist */ = {isa = PBXFileReference; lastKnownFileType = text.plist.xml; path = Info.plist; sourceTree = "<group>"; };
		EA6F768D2521F77C0006D14C /* RxSwift.playground */ = {isa = PBXFileReference; lastKnownFileType = file.playground; path = RxSwift.playground; sourceTree = "<group>"; xcLanguageSpecificationIdentifier = xcode.lang.swift; };
/* End PBXFileReference section */

/* Begin PBXFrameworksBuildPhase section */
		EA6F76732521F7050006D14C /* Frameworks */ = {
			isa = PBXFrameworksBuildPhase;
			buildActionMask = 2147483647;
			files = (
				77E630A23A862A8DB47EABDB /* Pods_RxSwift_Playground.framework in Frameworks */,
			);
			runOnlyForDeploymentPostprocessing = 0;
		};
/* End PBXFrameworksBuildPhase section */

/* Begin PBXGroup section */
		30625F7F5691E68071F44029 /* Pods */ = {
			isa = PBXGroup;
			children = (
				AFBA1F5C0600603831F980FB /* Pods-RxSwift-Playground.debug.xcconfig */,
				67AF891C2E28C415C114CADA /* Pods-RxSwift-Playground.release.xcconfig */,
			);
			path = Pods;
			sourceTree = "<group>";
		};
		C9137B7F228EC386F750F477 /* Frameworks */ = {
			isa = PBXGroup;
			children = (
				2FE866D89B45C0D0BA875145 /* Pods_RxSwift_Playground.framework */,
			);
			name = Frameworks;
			sourceTree = "<group>";
		};
		EA6F766D2521F7050006D14C = {
			isa = PBXGroup;
			children = (
				EA6F76782521F7050006D14C /* RxSwift-Playground */,
				EA6F76772521F7050006D14C /* Products */,
				30625F7F5691E68071F44029 /* Pods */,
				C9137B7F228EC386F750F477 /* Frameworks */,
			);
			sourceTree = "<group>";
		};
		EA6F76772521F7050006D14C /* Products */ = {
			isa = PBXGroup;
			children = (
				EA6F76762521F7050006D14C /* RxSwift-Playground.app */,
			);
			name = Products;
			sourceTree = "<group>";
		};
		EA6F76782521F7050006D14C /* RxSwift-Playground */ = {
			isa = PBXGroup;
			children = (
				EA6F76792521F7050006D14C /* AppDelegate.swift */,
				EA6F767B2521F7050006D14C /* SceneDelegate.swift */,
				EA6F767D2521F7050006D14C /* ViewController.swift */,
				EA6F767F2521F7050006D14C /* Main.storyboard */,
				EA6F76822521F7070006D14C /* Assets.xcassets */,
				EA6F76842521F7070006D14C /* LaunchScreen.storyboard */,
				EA6F76872521F7070006D14C /* Info.plist */,
				EA6F768D2521F77C0006D14C /* RxSwift.playground */,
			);
			path = "RxSwift-Playground";
			sourceTree = "<group>";
		};
/* End PBXGroup section */

/* Begin PBXNativeTarget section */
		EA6F76752521F7050006D14C /* RxSwift-Playground */ = {
			isa = PBXNativeTarget;
			buildConfigurationList = EA6F768A2521F7070006D14C /* Build configuration list for PBXNativeTarget "RxSwift-Playground" */;
			buildPhases = (
				A924FEE241A7CACC56C1F1A9 /* [CP] Check Pods Manifest.lock */,
				EA6F76722521F7050006D14C /* Sources */,
				EA6F76732521F7050006D14C /* Frameworks */,
				EA6F76742521F7050006D14C /* Resources */,
				563D88A0DD51B7A3E542B042 /* [CP] Embed Pods Frameworks */,
			);
			buildRules = (
			);
			dependencies = (
			);
			name = "RxSwift-Playground";
			productName = "RxSwift-Playground";
			productReference = EA6F76762521F7050006D14C /* RxSwift-Playground.app */;
			productType = "com.apple.product-type.application";
		};
/* End PBXNativeTarget section */

/* Begin PBXProject section */
		EA6F766E2521F7050006D14C /* Project object */ = {
			isa = PBXProject;
			attributes = {
				LastSwiftUpdateCheck = 1160;
				LastUpgradeCheck = 1160;
				ORGANIZATIONNAME = swkwon;
				TargetAttributes = {
					EA6F76752521F7050006D14C = {
						CreatedOnToolsVersion = 11.6;
					};
				};
			};
			buildConfigurationList = EA6F76712521F7050006D14C /* Build configuration list for PBXProject "RxSwift-Playground" */;
			compatibilityVersion = "Xcode 9.3";
			developmentRegion = en;
			hasScannedForEncodings = 0;
			knownRegions = (
				en,
				Base,
			);
			mainGroup = EA6F766D2521F7050006D14C;
			productRefGroup = EA6F76772521F7050006D14C /* Products */;
			projectDirPath = "";
			projectRoot = "";
			targets = (
				EA6F76752521F7050006D14C /* RxSwift-Playground */,
			);
		};
/* End PBXProject section */

/* Begin PBXResourcesBuildPhase section */
		EA6F76742521F7050006D14C /* Resources */ = {
			isa = PBXResourcesBuildPhase;
			buildActionMask = 2147483647;
			files = (
				EA6F76862521F7070006D14C /* LaunchScreen.storyboard in Resources */,
				EA6F76832521F7070006D14C /* Assets.xcassets in Resources */,
				EA6F76812521F7050006D14C /* Main.storyboard in Resources */,
			);
			runOnlyForDeploymentPostprocessing = 0;
		};
/* End PBXResourcesBuildPhase section */

/* Begin PBXShellScriptBuildPhase section */
		563D88A0DD51B7A3E542B042 /* [CP] Embed Pods Frameworks */ = {
			isa = PBXShellScriptBuildPhase;
			buildActionMask = 2147483647;
			files = (
			);
			inputFileListPaths = (
				"${PODS_ROOT}/Target Support Files/Pods-RxSwift-Playground/Pods-RxSwift-Playground-frameworks-${CONFIGURATION}-input-files.xcfilelist",
			);
			name = "[CP] Embed Pods Frameworks";
			outputFileListPaths = (
				"${PODS_ROOT}/Target Support Files/Pods-RxSwift-Playground/Pods-RxSwift-Playground-frameworks-${CONFIGURATION}-output-files.xcfilelist",
			);
			runOnlyForDeploymentPostprocessing = 0;
			shellPath = /bin/sh;
			shellScript = "\"${PODS_ROOT}/Target Support Files/Pods-RxSwift-Playground/Pods-RxSwift-Playground-frameworks.sh\"\n";
			showEnvVarsInLog = 0;
		};
		A924FEE241A7CACC56C1F1A9 /* [CP] Check Pods Manifest.lock */ = {
			isa = PBXShellScriptBuildPhase;
			buildActionMask = 2147483647;
			files = (
			);
			inputFileListPaths = (
			);
			inputPaths = (
				"${PODS_PODFILE_DIR_PATH}/Podfile.lock",
				"${PODS_ROOT}/Manifest.lock",
			);
			name = "[CP] Check Pods Manifest.lock";
			outputFileListPaths = (
			);
			outputPaths = (
				"$(DERIVED_FILE_DIR)/Pods-RxSwift-Playground-checkManifestLockResult.txt",
			);
			runOnlyForDeploymentPostprocessing = 0;
			shellPath = /bin/sh;
			shellScript = "diff \"${PODS_PODFILE_DIR_PATH}/Podfile.lock\" \"${PODS_ROOT}/Manifest.lock\" > /dev/null\nif [ $? != 0 ] ; then\n    # print error to STDERR\n    echo \"error: The sandbox is not in sync with the Podfile.lock. Run 'pod install' or update your CocoaPods installation.\" >&2\n    exit 1\nfi\n# This output is used by Xcode 'outputs' to avoid re-running this script phase.\necho \"SUCCESS\" > \"${SCRIPT_OUTPUT_FILE_0}\"\n";
			showEnvVarsInLog = 0;
		};
/* End PBXShellScriptBuildPhase section */

/* Begin PBXSourcesBuildPhase section */
		EA6F76722521F7050006D14C /* Sources */ = {
			isa = PBXSourcesBuildPhase;
			buildActionMask = 2147483647;
			files = (
				EA6F767E2521F7050006D14C /* ViewController.swift in Sources */,
				EA6F767A2521F7050006D14C /* AppDelegate.swift in Sources */,
				EA6F767C2521F7050006D14C /* SceneDelegate.swift in Sources */,
			);
			runOnlyForDeploymentPostprocessing = 0;
		};
/* End PBXSourcesBuildPhase section */

/* Begin PBXVariantGroup section */
		EA6F767F2521F7050006D14C /* Main.storyboard */ = {
			isa = PBXVariantGroup;
			children = (
				EA6F76802521F7050006D14C /* Base */,
			);
			name = Main.storyboard;
			sourceTree = "<group>";
		};
		EA6F76842521F7070006D14C /* LaunchScreen.storyboard */ = {
			isa = PBXVariantGroup;
			children = (
				EA6F76852521F7070006D14C /* Base */,
			);
			name = LaunchScreen.storyboard;
			sourceTree = "<group>";
		};
/* End PBXVariantGroup section */

/* Begin XCBuildConfiguration section */
		EA6F76882521F7070006D14C /* Debug */ = {
			isa = XCBuildConfiguration;
			buildSettings = {
				ALWAYS_SEARCH_USER_PATHS = NO;
				CLANG_ANALYZER_NONNULL = YES;
				CLANG_ANALYZER_NUMBER_OBJECT_CONVERSION = YES_AGGRESSIVE;
				CLANG_CXX_LANGUAGE_STANDARD = "gnu++14";
				CLANG_CXX_LIBRARY = "libc++";
				CLANG_ENABLE_MODULES = YES;
				CLANG_ENABLE_OBJC_ARC = YES;
				CLANG_ENABLE_OBJC_WEAK = YES;
				CLANG_WARN_BLOCK_CAPTURE_AUTORELEASING = YES;
				CLANG_WARN_BOOL_CONVERSION = YES;
				CLANG_WARN_COMMA = YES;
				CLANG_WARN_CONSTANT_CONVERSION = YES;
				CLANG_WARN_DEPRECATED_OBJC_IMPLEMENTATIONS = YES;
				CLANG_WARN_DIRECT_OBJC_ISA_USAGE = YES_ERROR;
				CLANG_WARN_DOCUMENTATION_COMMENTS = YES;
				CLANG_WARN_EMPTY_BODY = YES;
				CLANG_WARN_ENUM_CONVERSION = YES;
				CLANG_WARN_INFINITE_RECURSION = YES;
				CLANG_WARN_INT_CONVERSION = YES;
				CLANG_WARN_NON_LITERAL_NULL_CONVERSION = YES;
				CLANG_WARN_OBJC_IMPLICIT_RETAIN_SELF = YES;
				CLANG_WARN_OBJC_LITERAL_CONVERSION = YES;
				CLANG_WARN_OBJC_ROOT_CLASS = YES_ERROR;
				CLANG_WARN_RANGE_LOOP_ANALYSIS = YES;
				CLANG_WARN_STRICT_PROTOTYPES = YES;
				CLANG_WARN_SUSPICIOUS_MOVE = YES;
				CLANG_WARN_UNGUARDED_AVAILABILITY = YES_AGGRESSIVE;
				CLANG_WARN_UNREACHABLE_CODE = YES;
				CLANG_WARN__DUPLICATE_METHOD_MATCH = YES;
				COPY_PHASE_STRIP = NO;
				DEBUG_INFORMATION_FORMAT = dwarf;
				ENABLE_STRICT_OBJC_MSGSEND = YES;
				ENABLE_TESTABILITY = YES;
				GCC_C_LANGUAGE_STANDARD = gnu11;
				GCC_DYNAMIC_NO_PIC = NO;
				GCC_NO_COMMON_BLOCKS = YES;
				GCC_OPTIMIZATION_LEVEL = 0;
				GCC_PREPROCESSOR_DEFINITIONS = (
					"DEBUG=1",
					"$(inherited)",
				);
				GCC_WARN_64_TO_32_BIT_CONVERSION = YES;
				GCC_WARN_ABOUT_RETURN_TYPE = YES_ERROR;
				GCC_WARN_UNDECLARED_SELECTOR = YES;
				GCC_WARN_UNINITIALIZED_AUTOS = YES_AGGRESSIVE;
				GCC_WARN_UNUSED_FUNCTION = YES;
				GCC_WARN_UNUSED_VARIABLE = YES;
				IPHONEOS_DEPLOYMENT_TARGET = 13.6;
				MTL_ENABLE_DEBUG_INFO = INCLUDE_SOURCE;
				MTL_FAST_MATH = YES;
				ONLY_ACTIVE_ARCH = YES;
				SDKROOT = iphoneos;
				SWIFT_ACTIVE_COMPILATION_CONDITIONS = DEBUG;
				SWIFT_OPTIMIZATION_LEVEL = "-Onone";
			};
			name = Debug;
		};
		EA6F76892521F7070006D14C /* Release */ = {
			isa = XCBuildConfiguration;
			buildSettings = {
				ALWAYS_SEARCH_USER_PATHS = NO;
				CLANG_ANALYZER_NONNULL = YES;
				CLANG_ANALYZER_NUMBER_OBJECT_CONVERSION = YES_AGGRESSIVE;
				CLANG_CXX_LANGUAGE_STANDARD = "gnu++14";
				CLANG_CXX_LIBRARY = "libc++";
				CLANG_ENABLE_MODULES = YES;
				CLANG_ENABLE_OBJC_ARC = YES;
				CLANG_ENABLE_OBJC_WEAK = YES;
				CLANG_WARN_BLOCK_CAPTURE_AUTORELEASING = YES;
				CLANG_WARN_BOOL_CONVERSION = YES;
				CLANG_WARN_COMMA = YES;
				CLANG_WARN_CONSTANT_CONVERSION = YES;
				CLANG_WARN_DEPRECATED_OBJC_IMPLEMENTATIONS = YES;
				CLANG_WARN_DIRECT_OBJC_ISA_USAGE = YES_ERROR;
				CLANG_WARN_DOCUMENTATION_COMMENTS = YES;
				CLANG_WARN_EMPTY_BODY = YES;
				CLANG_WARN_ENUM_CONVERSION = YES;
				CLANG_WARN_INFINITE_RECURSION = YES;
				CLANG_WARN_INT_CONVERSION = YES;
				CLANG_WARN_NON_LITERAL_NULL_CONVERSION = YES;
				CLANG_WARN_OBJC_IMPLICIT_RETAIN_SELF = YES;
				CLANG_WARN_OBJC_LITERAL_CONVERSION = YES;
				CLANG_WARN_OBJC_ROOT_CLASS = YES_ERROR;
				CLANG_WARN_RANGE_LOOP_ANALYSIS = YES;
				CLANG_WARN_STRICT_PROTOTYPES = YES;
				CLANG_WARN_SUSPICIOUS_MOVE = YES;
				CLANG_WARN_UNGUARDED_AVAILABILITY = YES_AGGRESSIVE;
				CLANG_WARN_UNREACHABLE_CODE = YES;
				CLANG_WARN__DUPLICATE_METHOD_MATCH = YES;
				COPY_PHASE_STRIP = NO;
				DEBUG_INFORMATION_FORMAT = "dwarf-with-dsym";
				ENABLE_NS_ASSERTIONS = NO;
				ENABLE_STRICT_OBJC_MSGSEND = YES;
				GCC_C_LANGUAGE_STANDARD = gnu11;
				GCC_NO_COMMON_BLOCKS = YES;
				GCC_WARN_64_TO_32_BIT_CONVERSION = YES;
				GCC_WARN_ABOUT_RETURN_TYPE = YES_ERROR;
				GCC_WARN_UNDECLARED_SELECTOR = YES;
				GCC_WARN_UNINITIALIZED_AUTOS = YES_AGGRESSIVE;
				GCC_WARN_UNUSED_FUNCTION = YES;
				GCC_WARN_UNUSED_VARIABLE = YES;
				IPHONEOS_DEPLOYMENT_TARGET = 13.6;
				MTL_ENABLE_DEBUG_INFO = NO;
				MTL_FAST_MATH = YES;
				SDKROOT = iphoneos;
				SWIFT_COMPILATION_MODE = wholemodule;
				SWIFT_OPTIMIZATION_LEVEL = "-O";
				VALIDATE_PRODUCT = YES;
			};
			name = Release;
		};
		EA6F768B2521F7070006D14C /* Debug */ = {
			isa = XCBuildConfiguration;
			baseConfigurationReference = AFBA1F5C0600603831F980FB /* Pods-RxSwift-Playground.debug.xcconfig */;
			buildSettings = {
				ASSETCATALOG_COMPILER_APPICON_NAME = AppIcon;
				CODE_SIGN_STYLE = Automatic;
				DEVELOPMENT_TEAM = L2VUB7Y3L2;
				INFOPLIST_FILE = "RxSwift-Playground/Info.plist";
				LD_RUNPATH_SEARCH_PATHS = (
					"$(inherited)",
					"@executable_path/Frameworks",
				);
				PRODUCT_BUNDLE_IDENTIFIER = "com.swkwon.RxSwift-Playground";
				PRODUCT_NAME = "$(TARGET_NAME)";
				SWIFT_VERSION = 5.0;
				TARGETED_DEVICE_FAMILY = "1,2";
			};
			name = Debug;
		};
		EA6F768C2521F7070006D14C /* Release */ = {
			isa = XCBuildConfiguration;
			baseConfigurationReference = 67AF891C2E28C415C114CADA /* Pods-RxSwift-Playground.release.xcconfig */;
			buildSettings = {
				ASSETCATALOG_COMPILER_APPICON_NAME = AppIcon;
				CODE_SIGN_STYLE = Automatic;
				DEVELOPMENT_TEAM = L2VUB7Y3L2;
				INFOPLIST_FILE = "RxSwift-Playground/Info.plist";
				LD_RUNPATH_SEARCH_PATHS = (
					"$(inherited)",
					"@executable_path/Frameworks",
				);
				PRODUCT_BUNDLE_IDENTIFIER = "com.swkwon.RxSwift-Playground";
				PRODUCT_NAME = "$(TARGET_NAME)";
				SWIFT_VERSION = 5.0;
				TARGETED_DEVICE_FAMILY = "1,2";
			};
			name = Release;
		};
/* End XCBuildConfiguration section */

/* Begin XCConfigurationList section */
		EA6F76712521F7050006D14C /* Build configuration list for PBXProject "RxSwift-Playground" */ = {
			isa = XCConfigurationList;
			buildConfigurations = (
				EA6F76882521F7070006D14C /* Debug */,
				EA6F76892521F7070006D14C /* Release */,
			);
			defaultConfigurationIsVisible = 0;
			defaultConfigurationName = Release;
		};
		EA6F768A2521F7070006D14C /* Build configuration list for PBXNativeTarget "RxSwift-Playground" */ = {
			isa = XCConfigurationList;
			buildConfigurations = (
				EA6F768B2521F7070006D14C /* Debug */,
				EA6F768C2521F7070006D14C /* Release */,
			);
			defaultConfigurationIsVisible = 0;
			defaultConfigurationName = Release;
		};
/* End XCConfigurationList section */
	};
	rootObject = EA6F766E2521F7050006D14C /* Project object */;
}
